
Microsoft Visual Studio Solution File, Format Version 12.00
# Visual Studio 14
VisualStudioVersion = 14.0.25420.1
MinimumVisualStudioVersion = 10.0.40219.1
Project("{FAE04EC0-301F-11D3-BF4B-00C04F79EFBC}") = "TicTacToeGame.WPF", "TicTacToeGame.WPF\TicTacToeGame.WPF.csproj", "{47665C6E-60D7-4839-8F8C-55609B65287D}"
EndProject
Project("{FAE04EC0-301F-11D3-BF4B-00C04F79EFBC}") = "TicTacToeGame.Common", "TicTacToeGame.Common\TicTacToeGame.Common.csproj", "{7AE96840-3BE7-47DA-BECE-5A8A44C02A0E}"
EndProject
Project("{FAE04EC0-301F-11D3-BF4B-00C04F79EFBC}") = "TicTacToeGame.Players", "TicTacToeGame.Players\TicTacToeGame.Players.csproj", "{6CA47D57-5E31-4E85-9261-33EAB2318254}"
EndProject
Project("{FAE04EC0-301F-11D3-BF4B-00C04F79EFBC}") = "TicTacToeGame.BotCompetition", "TicTacToeGame.BotCompetition\TicTacToeGame.BotCompetition.csproj", "{569CD968-35FB-4771-B3EB-8208BAA40685}"
EndProject
Global
	GlobalSection(SolutionConfigurationPlatforms) = preSolution
		Debug|Any CPU = Debug|Any CPU
		Release|Any CPU = Release|Any CPU
	EndGlobalSection
	GlobalSection(ProjectConfigurationPlatforms) = postSolution
		{47665C6E-60D7-4839-8F8C-55609B65287D}.Debug|Any CPU.ActiveCfg = Debug|Any CPU
		{47665C6E-60D7-4839-8F8C-55609B65287D}.Debug|Any CPU.Build.0 = Debug|Any CPU
		{47665C6E-60D7-4839-8F8C-55609B65287D}.Release|Any CPU.ActiveCfg = Release|Any CPU
		{47665C6E-60D7-4839-8F8C-55609B65287D}.Release|Any CPU.Build.0 = Release|Any CPU
		{7AE96840-3BE7-47DA-BECE-5A8A44C02A0E}.Debug|Any CPU.ActiveCfg = Debug|Any CPU
		{7AE96840-3BE7-47DA-BECE-5A8A44C02A0E}.Debug|Any CPU.Build.0 = Debug|Any CPU
		{7AE96840-3BE7-47DA-BECE-5A8A44C02A0E}.Release|Any CPU.ActiveCfg = Release|Any CPU
		{7AE96840-3BE7-47DA-BECE-5A8A44C02A0E}.Release|Any CPU.Build.0 = Release|Any CPU
		{6CA47D57-5E31-4E85-9261-33EAB2318254}.Debug|Any CPU.ActiveCfg = Debug|Any CPU
		{6CA47D57-5E31-4E85-9261-33EAB2318254}.Debug|Any CPU.Build.0 = Debug|Any CPU
		{6CA47D57-5E31-4E85-9261-33EAB2318254}.Release|Any CPU.ActiveCfg = Release|Any CPU
		{6CA47D57-5E31-4E85-9261-33EAB2318254}.Release|Any CPU.Build.0 = Release|Any CPU
		{569CD968-35FB-4771-B3EB-8208BAA40685}.Debug|Any CPU.ActiveCfg = Debug|Any CPU
		{569CD968-35FB-4771-B3EB-8208BAA40685}.Debug|Any CPU.Build.0 = Debug|Any CPU
		{569CD968-35FB-4771-B3EB-8208BAA40685}.Release|Any CPU.ActiveCfg = Release|Any CPU
		{569CD968-35FB-4771-B3EB-8208BAA40685}.Release|Any CPU.Build.0 = Release|Any CPU
	EndGlobalSection
	GlobalSection(SolutionProperties) = preSolution
		HideSolutionNode = FALSE
	EndGlobalSection
EndGlobal
